
Microsoft Visual Studio Solution File, Format Version 12.00
# Visual Studio 2013
VisualStudioVersion = 12.0.30723.0
MinimumVisualStudioVersion = 10.0.40219.1
Project("{FAE04EC0-301F-11D3-BF4B-00C04F79EFBC}") = "MonoGameTest", "MonoGameTest\MonoGameTest.csproj", "{11652C1A-1435-42C4-8956-381D332D45C0}"
EndProject
Project("{FAE04EC0-301F-11D3-BF4B-00C04F79EFBC}") = "DataLoader", "DataLoader\DataLoader.csproj", "{E0006B9D-EEE1-4CE0-A532-E4E39B3E6F0C}"
EndProject
Project("{FAE04EC0-301F-11D3-BF4B-00C04F79EFBC}") = "ContentXNA", "ContentXNA\ContentXNA\ContentXNA.csproj", "{503DDD60-8B93-476D-92E0-A77562D56A0B}"
EndProject
Project("{FAE04EC0-301F-11D3-BF4B-00C04F79EFBC}") = "ContentXNAContent", "ContentXNA\ContentXNAContent\ContentXNAContent.contentproj", "{7B4C1D45-AAC5-435A-A65E-BF08027DE465}"
EndProject
Project("{FAE04EC0-301F-11D3-BF4B-00C04F79EFBC}") = "WindowsGame1", "WindowsGame1\WindowsGame1\WindowsGame1.csproj", "{1322643E-D80A-45D5-B40D-14E63E6DC4A2}"
EndProject
Project("{FAE04EC0-301F-11D3-BF4B-00C04F79EFBC}") = "WindowsGame1Content", "WindowsGame1\WindowsGame1Content\WindowsGame1Content.contentproj", "{E0DA3D70-9054-4F75-92B5-B52D5472B38B}"
EndProject
Project("{FAE04EC0-301F-11D3-BF4B-00C04F79EFBC}") = "GameName3", "GameName3\GameName3.csproj", "{8B38350F-1367-4B0E-9F73-7BB3309CDD31}"
EndProject
Global
	GlobalSection(SolutionConfigurationPlatforms) = preSolution
		Android|Any CPU = Android|Any CPU
		Android|Mixed Platforms = Android|Mixed Platforms
		Android|x86 = Android|x86
		Debug|Any CPU = Debug|Any CPU
		Debug|Mixed Platforms = Debug|Mixed Platforms
		Debug|x86 = Debug|x86
		iOS|Any CPU = iOS|Any CPU
		iOS|Mixed Platforms = iOS|Mixed Platforms
		iOS|x86 = iOS|x86
		Linux|Any CPU = Linux|Any CPU
		Linux|Mixed Platforms = Linux|Mixed Platforms
		Linux|x86 = Linux|x86
		OSX|Any CPU = OSX|Any CPU
		OSX|Mixed Platforms = OSX|Mixed Platforms
		OSX|x86 = OSX|x86
		PSM|Any CPU = PSM|Any CPU
		PSM|Mixed Platforms = PSM|Mixed Platforms
		PSM|x86 = PSM|x86
		Release|Any CPU = Release|Any CPU
		Release|Mixed Platforms = Release|Mixed Platforms
		Release|x86 = Release|x86
		Windows|Any CPU = Windows|Any CPU
		Windows|Mixed Platforms = Windows|Mixed Platforms
		Windows|x86 = Windows|x86
		Windows8|Any CPU = Windows8|Any CPU
		Windows8|Mixed Platforms = Windows8|Mixed Platforms
		Windows8|x86 = Windows8|x86
	EndGlobalSection
	GlobalSection(ProjectConfigurationPlatforms) = postSolution
		{11652C1A-1435-42C4-8956-381D332D45C0}.Android|Any CPU.ActiveCfg = Release|x86
		{11652C1A-1435-42C4-8956-381D332D45C0}.Android|Mixed Platforms.ActiveCfg = Release|x86
		{11652C1A-1435-42C4-8956-381D332D45C0}.Android|Mixed Platforms.Build.0 = Release|x86
		{11652C1A-1435-42C4-8956-381D332D45C0}.Android|x86.ActiveCfg = Release|x86
		{11652C1A-1435-42C4-8956-381D332D45C0}.Android|x86.Build.0 = Release|x86
		{11652C1A-1435-42C4-8956-381D332D45C0}.Debug|Any CPU.ActiveCfg = Debug|x86
		{11652C1A-1435-42C4-8956-381D332D45C0}.Debug|Mixed Platforms.ActiveCfg = Debug|x86
		{11652C1A-1435-42C4-8956-381D332D45C0}.Debug|Mixed Platforms.Build.0 = Debug|x86
		{11652C1A-1435-42C4-8956-381D332D45C0}.Debug|x86.ActiveCfg = Debug|x86
		{11652C1A-1435-42C4-8956-381D332D45C0}.Debug|x86.Build.0 = Debug|x86
		{11652C1A-1435-42C4-8956-381D332D45C0}.iOS|Any CPU.ActiveCfg = Release|x86
		{11652C1A-1435-42C4-8956-381D332D45C0}.iOS|Mixed Platforms.ActiveCfg = Release|x86
		{11652C1A-1435-42C4-8956-381D332D45C0}.iOS|Mixed Platforms.Build.0 = Release|x86
		{11652C1A-1435-42C4-8956-381D332D45C0}.iOS|x86.ActiveCfg = Release|x86
		{11652C1A-1435-42C4-8956-381D332D45C0}.iOS|x86.Build.0 = Release|x86
		{11652C1A-1435-42C4-8956-381D332D45C0}.Linux|Any CPU.ActiveCfg = Release|x86
		{11652C1A-1435-42C4-8956-381D332D45C0}.Linux|Mixed Platforms.ActiveCfg = Release|x86
		{11652C1A-1435-42C4-8956-381D332D45C0}.Linux|Mixed Platforms.Build.0 = Release|x86
		{11652C1A-1435-42C4-8956-381D332D45C0}.Linux|x86.ActiveCfg = Release|x86
		{11652C1A-1435-42C4-8956-381D332D45C0}.Linux|x86.Build.0 = Release|x86
		{11652C1A-1435-42C4-8956-381D332D45C0}.OSX|Any CPU.ActiveCfg = Release|x86
		{11652C1A-1435-42C4-8956-381D332D45C0}.OSX|Mixed Platforms.ActiveCfg = Release|x86
		{11652C1A-1435-42C4-8956-381D332D45C0}.OSX|Mixed Platforms.Build.0 = Release|x86
		{11652C1A-1435-42C4-8956-381D332D45C0}.OSX|x86.ActiveCfg = Release|x86
		{11652C1A-1435-42C4-8956-381D332D45C0}.OSX|x86.Build.0 = Release|x86
		{11652C1A-1435-42C4-8956-381D332D45C0}.PSM|Any CPU.ActiveCfg = Release|x86
		{11652C1A-1435-42C4-8956-381D332D45C0}.PSM|Mixed Platforms.ActiveCfg = Release|x86
		{11652C1A-1435-42C4-8956-381D332D45C0}.PSM|Mixed Platforms.Build.0 = Release|x86
		{11652C1A-1435-42C4-8956-381D332D45C0}.PSM|x86.ActiveCfg = Release|x86
		{11652C1A-1435-42C4-8956-381D332D45C0}.PSM|x86.Build.0 = Release|x86
		{11652C1A-1435-42C4-8956-381D332D45C0}.Release|Any CPU.ActiveCfg = Release|x86
		{11652C1A-1435-42C4-8956-381D332D45C0}.Release|Mixed Platforms.ActiveCfg = Release|x86
		{11652C1A-1435-42C4-8956-381D332D45C0}.Release|Mixed Platforms.Build.0 = Release|x86
		{11652C1A-1435-42C4-8956-381D332D45C0}.Release|x86.ActiveCfg = Release|x86
		{11652C1A-1435-42C4-8956-381D332D45C0}.Release|x86.Build.0 = Release|x86
		{11652C1A-1435-42C4-8956-381D332D45C0}.Windows|Any CPU.ActiveCfg = Release|x86
		{11652C1A-1435-42C4-8956-381D332D45C0}.Windows|Mixed Platforms.ActiveCfg = Release|x86
		{11652C1A-1435-42C4-8956-381D332D45C0}.Windows|Mixed Platforms.Build.0 = Release|x86
		{11652C1A-1435-42C4-8956-381D332D45C0}.Windows|x86.ActiveCfg = Release|x86
		{11652C1A-1435-42C4-8956-381D332D45C0}.Windows|x86.Build.0 = Release|x86
		{11652C1A-1435-42C4-8956-381D332D45C0}.Windows8|Any CPU.ActiveCfg = Release|x86
		{11652C1A-1435-42C4-8956-381D332D45C0}.Windows8|Mixed Platforms.ActiveCfg = Release|x86
		{11652C1A-1435-42C4-8956-381D332D45C0}.Windows8|Mixed Platforms.Build.0 = Release|x86
		{11652C1A-1435-42C4-8956-381D332D45C0}.Windows8|x86.ActiveCfg = Release|x86
		{11652C1A-1435-42C4-8956-381D332D45C0}.Windows8|x86.Build.0 = Release|x86
		{E0006B9D-EEE1-4CE0-A532-E4E39B3E6F0C}.Android|Any CPU.ActiveCfg = Release|Any CPU
		{E0006B9D-EEE1-4CE0-A532-E4E39B3E6F0C}.Android|Any CPU.Build.0 = Release|Any CPU
		{E0006B9D-EEE1-4CE0-A532-E4E39B3E6F0C}.Android|Mixed Platforms.ActiveCfg = Release|Any CPU
		{E0006B9D-EEE1-4CE0-A532-E4E39B3E6F0C}.Android|Mixed Platforms.Build.0 = Release|Any CPU
		{E0006B9D-EEE1-4CE0-A532-E4E39B3E6F0C}.Android|x86.ActiveCfg = Release|Any CPU
		{E0006B9D-EEE1-4CE0-A532-E4E39B3E6F0C}.Debug|Any CPU.ActiveCfg = Debug|Any CPU
		{E0006B9D-EEE1-4CE0-A532-E4E39B3E6F0C}.Debug|Any CPU.Build.0 = Debug|Any CPU
		{E0006B9D-EEE1-4CE0-A532-E4E39B3E6F0C}.Debug|Mixed Platforms.ActiveCfg = Debug|Any CPU
		{E0006B9D-EEE1-4CE0-A532-E4E39B3E6F0C}.Debug|Mixed Platforms.Build.0 = Debug|Any CPU
		{E0006B9D-EEE1-4CE0-A532-E4E39B3E6F0C}.Debug|x86.ActiveCfg = Debug|Any CPU
		{E0006B9D-EEE1-4CE0-A532-E4E39B3E6F0C}.Debug|x86.Build.0 = Debug|Any CPU
		{E0006B9D-EEE1-4CE0-A532-E4E39B3E6F0C}.iOS|Any CPU.ActiveCfg = Release|Any CPU
		{E0006B9D-EEE1-4CE0-A532-E4E39B3E6F0C}.iOS|Any CPU.Build.0 = Release|Any CPU
		{E0006B9D-EEE1-4CE0-A532-E4E39B3E6F0C}.iOS|Mixed Platforms.ActiveCfg = Release|Any CPU
		{E0006B9D-EEE1-4CE0-A532-E4E39B3E6F0C}.iOS|Mixed Platforms.Build.0 = Release|Any CPU
		{E0006B9D-EEE1-4CE0-A532-E4E39B3E6F0C}.iOS|x86.ActiveCfg = Release|Any CPU
		{E0006B9D-EEE1-4CE0-A532-E4E39B3E6F0C}.Linux|Any CPU.ActiveCfg = Release|Any CPU
		{E0006B9D-EEE1-4CE0-A532-E4E39B3E6F0C}.Linux|Any CPU.Build.0 = Release|Any CPU
		{E0006B9D-EEE1-4CE0-A532-E4E39B3E6F0C}.Linux|Mixed Platforms.ActiveCfg = Release|Any CPU
		{E0006B9D-EEE1-4CE0-A532-E4E39B3E6F0C}.Linux|Mixed Platforms.Build.0 = Release|Any CPU
		{E0006B9D-EEE1-4CE0-A532-E4E39B3E6F0C}.Linux|x86.ActiveCfg = Release|Any CPU
		{E0006B9D-EEE1-4CE0-A532-E4E39B3E6F0C}.OSX|Any CPU.ActiveCfg = Release|Any CPU
		{E0006B9D-EEE1-4CE0-A532-E4E39B3E6F0C}.OSX|Any CPU.Build.0 = Release|Any CPU
		{E0006B9D-EEE1-4CE0-A532-E4E39B3E6F0C}.OSX|Mixed Platforms.ActiveCfg = Release|Any CPU
		{E0006B9D-EEE1-4CE0-A532-E4E39B3E6F0C}.OSX|Mixed Platforms.Build.0 = Release|Any CPU
		{E0006B9D-EEE1-4CE0-A532-E4E39B3E6F0C}.OSX|x86.ActiveCfg = Release|Any CPU
		{E0006B9D-EEE1-4CE0-A532-E4E39B3E6F0C}.PSM|Any CPU.ActiveCfg = Release|Any CPU
		{E0006B9D-EEE1-4CE0-A532-E4E39B3E6F0C}.PSM|Any CPU.Build.0 = Release|Any CPU
		{E0006B9D-EEE1-4CE0-A532-E4E39B3E6F0C}.PSM|Mixed Platforms.ActiveCfg = Release|Any CPU
		{E0006B9D-EEE1-4CE0-A532-E4E39B3E6F0C}.PSM|Mixed Platforms.Build.0 = Release|Any CPU
		{E0006B9D-EEE1-4CE0-A532-E4E39B3E6F0C}.PSM|x86.ActiveCfg = Release|Any CPU
		{E0006B9D-EEE1-4CE0-A532-E4E39B3E6F0C}.Release|Any CPU.ActiveCfg = Release|Any CPU
		{E0006B9D-EEE1-4CE0-A532-E4E39B3E6F0C}.Release|Any CPU.Build.0 = Release|Any CPU
		{E0006B9D-EEE1-4CE0-A532-E4E39B3E6F0C}.Release|Mixed Platforms.ActiveCfg = Release|Any CPU
		{E0006B9D-EEE1-4CE0-A532-E4E39B3E6F0C}.Release|Mixed Platforms.Build.0 = Release|Any CPU
		{E0006B9D-EEE1-4CE0-A532-E4E39B3E6F0C}.Release|x86.ActiveCfg = Release|Any CPU
		{E0006B9D-EEE1-4CE0-A532-E4E39B3E6F0C}.Windows|Any CPU.ActiveCfg = Release|Any CPU
		{E0006B9D-EEE1-4CE0-A532-E4E39B3E6F0C}.Windows|Any CPU.Build.0 = Release|Any CPU
		{E0006B9D-EEE1-4CE0-A532-E4E39B3E6F0C}.Windows|Mixed Platforms.ActiveCfg = Release|Any CPU
		{E0006B9D-EEE1-4CE0-A532-E4E39B3E6F0C}.Windows|Mixed Platforms.Build.0 = Release|Any CPU
		{E0006B9D-EEE1-4CE0-A532-E4E39B3E6F0C}.Windows|x86.ActiveCfg = Release|Any CPU
		{E0006B9D-EEE1-4CE0-A532-E4E39B3E6F0C}.Windows8|Any CPU.ActiveCfg = Release|Any CPU
		{E0006B9D-EEE1-4CE0-A532-E4E39B3E6F0C}.Windows8|Any CPU.Build.0 = Release|Any CPU
		{E0006B9D-EEE1-4CE0-A532-E4E39B3E6F0C}.Windows8|Mixed Platforms.ActiveCfg = Release|Any CPU
		{E0006B9D-EEE1-4CE0-A532-E4E39B3E6F0C}.Windows8|Mixed Platforms.Build.0 = Release|Any CPU
		{E0006B9D-EEE1-4CE0-A532-E4E39B3E6F0C}.Windows8|x86.ActiveCfg = Release|Any CPU
		{503DDD60-8B93-476D-92E0-A77562D56A0B}.Android|Any CPU.ActiveCfg = Android|Any CPU
		{503DDD60-8B93-476D-92E0-A77562D56A0B}.Android|Any CPU.Build.0 = Android|Any CPU
		{503DDD60-8B93-476D-92E0-A77562D56A0B}.Android|Mixed Platforms.ActiveCfg = Android|Any CPU
		{503DDD60-8B93-476D-92E0-A77562D56A0B}.Android|Mixed Platforms.Build.0 = Android|Any CPU
		{503DDD60-8B93-476D-92E0-A77562D56A0B}.Android|x86.ActiveCfg = Android|Any CPU
		{503DDD60-8B93-476D-92E0-A77562D56A0B}.Debug|Any CPU.ActiveCfg = PSM|Any CPU
		{503DDD60-8B93-476D-92E0-A77562D56A0B}.Debug|Any CPU.Build.0 = PSM|Any CPU
		{503DDD60-8B93-476D-92E0-A77562D56A0B}.Debug|Mixed Platforms.ActiveCfg = PSM|Any CPU
		{503DDD60-8B93-476D-92E0-A77562D56A0B}.Debug|Mixed Platforms.Build.0 = PSM|Any CPU
		{503DDD60-8B93-476D-92E0-A77562D56A0B}.Debug|x86.ActiveCfg = Windows|Any CPU
		{503DDD60-8B93-476D-92E0-A77562D56A0B}.Debug|x86.Build.0 = Windows|Any CPU
		{503DDD60-8B93-476D-92E0-A77562D56A0B}.iOS|Any CPU.ActiveCfg = iOS|Any CPU
		{503DDD60-8B93-476D-92E0-A77562D56A0B}.iOS|Any CPU.Build.0 = iOS|Any CPU
		{503DDD60-8B93-476D-92E0-A77562D56A0B}.iOS|Mixed Platforms.ActiveCfg = iOS|Any CPU
		{503DDD60-8B93-476D-92E0-A77562D56A0B}.iOS|Mixed Platforms.Build.0 = iOS|Any CPU
		{503DDD60-8B93-476D-92E0-A77562D56A0B}.iOS|x86.ActiveCfg = iOS|Any CPU
		{503DDD60-8B93-476D-92E0-A77562D56A0B}.Linux|Any CPU.ActiveCfg = Linux|Any CPU
		{503DDD60-8B93-476D-92E0-A77562D56A0B}.Linux|Any CPU.Build.0 = Linux|Any CPU
		{503DDD60-8B93-476D-92E0-A77562D56A0B}.Linux|Mixed Platforms.ActiveCfg = Linux|Any CPU
		{503DDD60-8B93-476D-92E0-A77562D56A0B}.Linux|Mixed Platforms.Build.0 = Linux|Any CPU
		{503DDD60-8B93-476D-92E0-A77562D56A0B}.Linux|x86.ActiveCfg = Linux|Any CPU
		{503DDD60-8B93-476D-92E0-A77562D56A0B}.OSX|Any CPU.ActiveCfg = OSX|Any CPU
		{503DDD60-8B93-476D-92E0-A77562D56A0B}.OSX|Any CPU.Build.0 = OSX|Any CPU
		{503DDD60-8B93-476D-92E0-A77562D56A0B}.OSX|Mixed Platforms.ActiveCfg = OSX|Any CPU
		{503DDD60-8B93-476D-92E0-A77562D56A0B}.OSX|Mixed Platforms.Build.0 = OSX|Any CPU
		{503DDD60-8B93-476D-92E0-A77562D56A0B}.OSX|x86.ActiveCfg = OSX|Any CPU
		{503DDD60-8B93-476D-92E0-A77562D56A0B}.PSM|Any CPU.ActiveCfg = PSM|Any CPU
		{503DDD60-8B93-476D-92E0-A77562D56A0B}.PSM|Any CPU.Build.0 = PSM|Any CPU
		{503DDD60-8B93-476D-92E0-A77562D56A0B}.PSM|Mixed Platforms.ActiveCfg = PSM|Any CPU
		{503DDD60-8B93-476D-92E0-A77562D56A0B}.PSM|Mixed Platforms.Build.0 = PSM|Any CPU
		{503DDD60-8B93-476D-92E0-A77562D56A0B}.PSM|x86.ActiveCfg = PSM|Any CPU
		{503DDD60-8B93-476D-92E0-A77562D56A0B}.Release|Any CPU.ActiveCfg = PSM|Any CPU
		{503DDD60-8B93-476D-92E0-A77562D56A0B}.Release|Any CPU.Build.0 = PSM|Any CPU
		{503DDD60-8B93-476D-92E0-A77562D56A0B}.Release|Mixed Platforms.ActiveCfg = PSM|Any CPU
		{503DDD60-8B93-476D-92E0-A77562D56A0B}.Release|Mixed Platforms.Build.0 = PSM|Any CPU
		{503DDD60-8B93-476D-92E0-A77562D56A0B}.Release|x86.ActiveCfg = PSM|Any CPU
		{503DDD60-8B93-476D-92E0-A77562D56A0B}.Windows|Any CPU.ActiveCfg = Windows|Any CPU
		{503DDD60-8B93-476D-92E0-A77562D56A0B}.Windows|Any CPU.Build.0 = Windows|Any CPU
		{503DDD60-8B93-476D-92E0-A77562D56A0B}.Windows|Mixed Platforms.ActiveCfg = Windows|Any CPU
		{503DDD60-8B93-476D-92E0-A77562D56A0B}.Windows|Mixed Platforms.Build.0 = Windows|Any CPU
		{503DDD60-8B93-476D-92E0-A77562D56A0B}.Windows|x86.ActiveCfg = Windows|Any CPU
		{503DDD60-8B93-476D-92E0-A77562D56A0B}.Windows8|Any CPU.ActiveCfg = Windows8|Any CPU
		{503DDD60-8B93-476D-92E0-A77562D56A0B}.Windows8|Any CPU.Build.0 = Windows8|Any CPU
		{503DDD60-8B93-476D-92E0-A77562D56A0B}.Windows8|Mixed Platforms.ActiveCfg = Windows8|Any CPU
		{503DDD60-8B93-476D-92E0-A77562D56A0B}.Windows8|Mixed Platforms.Build.0 = Windows8|Any CPU
		{503DDD60-8B93-476D-92E0-A77562D56A0B}.Windows8|x86.ActiveCfg = Windows8|Any CPU
		{7B4C1D45-AAC5-435A-A65E-BF08027DE465}.Android|Any CPU.ActiveCfg = Android|Any CPU
		{7B4C1D45-AAC5-435A-A65E-BF08027DE465}.Android|Mixed Platforms.ActiveCfg = Android|Any CPU
		{7B4C1D45-AAC5-435A-A65E-BF08027DE465}.Android|x86.ActiveCfg = Android|Any CPU
		{7B4C1D45-AAC5-435A-A65E-BF08027DE465}.Debug|Any CPU.ActiveCfg = PSM|Any CPU
		{7B4C1D45-AAC5-435A-A65E-BF08027DE465}.Debug|Mixed Platforms.ActiveCfg = PSM|Any CPU
		{7B4C1D45-AAC5-435A-A65E-BF08027DE465}.Debug|x86.ActiveCfg = PSM|Any CPU
		{7B4C1D45-AAC5-435A-A65E-BF08027DE465}.Debug|x86.Build.0 = PSM|Any CPU
		{7B4C1D45-AAC5-435A-A65E-BF08027DE465}.iOS|Any CPU.ActiveCfg = iOS|Any CPU
		{7B4C1D45-AAC5-435A-A65E-BF08027DE465}.iOS|Mixed Platforms.ActiveCfg = iOS|Any CPU
		{7B4C1D45-AAC5-435A-A65E-BF08027DE465}.iOS|x86.ActiveCfg = iOS|Any CPU
		{7B4C1D45-AAC5-435A-A65E-BF08027DE465}.Linux|Any CPU.ActiveCfg = Linux|Any CPU
		{7B4C1D45-AAC5-435A-A65E-BF08027DE465}.Linux|Mixed Platforms.ActiveCfg = Linux|Any CPU
		{7B4C1D45-AAC5-435A-A65E-BF08027DE465}.Linux|x86.ActiveCfg = Linux|Any CPU
		{7B4C1D45-AAC5-435A-A65E-BF08027DE465}.OSX|Any CPU.ActiveCfg = OSX|Any CPU
		{7B4C1D45-AAC5-435A-A65E-BF08027DE465}.OSX|Mixed Platforms.ActiveCfg = OSX|Any CPU
		{7B4C1D45-AAC5-435A-A65E-BF08027DE465}.OSX|x86.ActiveCfg = OSX|Any CPU
		{7B4C1D45-AAC5-435A-A65E-BF08027DE465}.PSM|Any CPU.ActiveCfg = PSM|Any CPU
		{7B4C1D45-AAC5-435A-A65E-BF08027DE465}.PSM|Mixed Platforms.ActiveCfg = PSM|Any CPU
		{7B4C1D45-AAC5-435A-A65E-BF08027DE465}.PSM|x86.ActiveCfg = PSM|Any CPU
		{7B4C1D45-AAC5-435A-A65E-BF08027DE465}.Release|Any CPU.ActiveCfg = PSM|Any CPU
		{7B4C1D45-AAC5-435A-A65E-BF08027DE465}.Release|Mixed Platforms.ActiveCfg = PSM|Any CPU
		{7B4C1D45-AAC5-435A-A65E-BF08027DE465}.Release|x86.ActiveCfg = PSM|Any CPU
		{7B4C1D45-AAC5-435A-A65E-BF08027DE465}.Windows|Any CPU.ActiveCfg = Windows|Any CPU
		{7B4C1D45-AAC5-435A-A65E-BF08027DE465}.Windows|Mixed Platforms.ActiveCfg = Windows|Any CPU
		{7B4C1D45-AAC5-435A-A65E-BF08027DE465}.Windows|x86.ActiveCfg = Windows|Any CPU
		{7B4C1D45-AAC5-435A-A65E-BF08027DE465}.Windows8|Any CPU.ActiveCfg = Windows8|Any CPU
		{7B4C1D45-AAC5-435A-A65E-BF08027DE465}.Windows8|Mixed Platforms.ActiveCfg = Windows8|Any CPU
		{7B4C1D45-AAC5-435A-A65E-BF08027DE465}.Windows8|x86.ActiveCfg = Windows8|Any CPU
		{1322643E-D80A-45D5-B40D-14E63E6DC4A2}.Android|Any CPU.ActiveCfg = Release|x86
		{1322643E-D80A-45D5-B40D-14E63E6DC4A2}.Android|Mixed Platforms.ActiveCfg = Release|x86
		{1322643E-D80A-45D5-B40D-14E63E6DC4A2}.Android|Mixed Platforms.Build.0 = Release|x86
		{1322643E-D80A-45D5-B40D-14E63E6DC4A2}.Android|x86.ActiveCfg = Release|x86
		{1322643E-D80A-45D5-B40D-14E63E6DC4A2}.Android|x86.Build.0 = Release|x86
		{1322643E-D80A-45D5-B40D-14E63E6DC4A2}.Debug|Any CPU.ActiveCfg = Debug|x86
		{1322643E-D80A-45D5-B40D-14E63E6DC4A2}.Debug|Mixed Platforms.ActiveCfg = Debug|x86
		{1322643E-D80A-45D5-B40D-14E63E6DC4A2}.Debug|Mixed Platforms.Build.0 = Debug|x86
		{1322643E-D80A-45D5-B40D-14E63E6DC4A2}.Debug|x86.ActiveCfg = Debug|x86
		{1322643E-D80A-45D5-B40D-14E63E6DC4A2}.Debug|x86.Build.0 = Debug|x86
		{1322643E-D80A-45D5-B40D-14E63E6DC4A2}.iOS|Any CPU.ActiveCfg = Release|x86
		{1322643E-D80A-45D5-B40D-14E63E6DC4A2}.iOS|Mixed Platforms.ActiveCfg = Release|x86
		{1322643E-D80A-45D5-B40D-14E63E6DC4A2}.iOS|Mixed Platforms.Build.0 = Release|x86
		{1322643E-D80A-45D5-B40D-14E63E6DC4A2}.iOS|x86.ActiveCfg = Release|x86
		{1322643E-D80A-45D5-B40D-14E63E6DC4A2}.iOS|x86.Build.0 = Release|x86
		{1322643E-D80A-45D5-B40D-14E63E6DC4A2}.Linux|Any CPU.ActiveCfg = Release|x86
		{1322643E-D80A-45D5-B40D-14E63E6DC4A2}.Linux|Mixed Platforms.ActiveCfg = Release|x86
		{1322643E-D80A-45D5-B40D-14E63E6DC4A2}.Linux|Mixed Platforms.Build.0 = Release|x86
		{1322643E-D80A-45D5-B40D-14E63E6DC4A2}.Linux|x86.ActiveCfg = Release|x86
		{1322643E-D80A-45D5-B40D-14E63E6DC4A2}.Linux|x86.Build.0 = Release|x86
		{1322643E-D80A-45D5-B40D-14E63E6DC4A2}.OSX|Any CPU.ActiveCfg = Release|x86
		{1322643E-D80A-45D5-B40D-14E63E6DC4A2}.OSX|Mixed Platforms.ActiveCfg = Release|x86
		{1322643E-D80A-45D5-B40D-14E63E6DC4A2}.OSX|Mixed Platforms.Build.0 = Release|x86
		{1322643E-D80A-45D5-B40D-14E63E6DC4A2}.OSX|x86.ActiveCfg = Release|x86
		{1322643E-D80A-45D5-B40D-14E63E6DC4A2}.OSX|x86.Build.0 = Release|x86
		{1322643E-D80A-45D5-B40D-14E63E6DC4A2}.PSM|Any CPU.ActiveCfg = Release|x86
		{1322643E-D80A-45D5-B40D-14E63E6DC4A2}.PSM|Mixed Platforms.ActiveCfg = Release|x86
		{1322643E-D80A-45D5-B40D-14E63E6DC4A2}.PSM|Mixed Platforms.Build.0 = Release|x86
		{1322643E-D80A-45D5-B40D-14E63E6DC4A2}.PSM|x86.ActiveCfg = Release|x86
		{1322643E-D80A-45D5-B40D-14E63E6DC4A2}.PSM|x86.Build.0 = Release|x86
		{1322643E-D80A-45D5-B40D-14E63E6DC4A2}.Release|Any CPU.ActiveCfg = Release|x86
		{1322643E-D80A-45D5-B40D-14E63E6DC4A2}.Release|Mixed Platforms.ActiveCfg = Release|x86
		{1322643E-D80A-45D5-B40D-14E63E6DC4A2}.Release|Mixed Platforms.Build.0 = Release|x86
		{1322643E-D80A-45D5-B40D-14E63E6DC4A2}.Release|x86.ActiveCfg = Release|x86
		{1322643E-D80A-45D5-B40D-14E63E6DC4A2}.Release|x86.Build.0 = Release|x86
		{1322643E-D80A-45D5-B40D-14E63E6DC4A2}.Windows|Any CPU.ActiveCfg = Release|x86
		{1322643E-D80A-45D5-B40D-14E63E6DC4A2}.Windows|Mixed Platforms.ActiveCfg = Release|x86
		{1322643E-D80A-45D5-B40D-14E63E6DC4A2}.Windows|Mixed Platforms.Build.0 = Release|x86
		{1322643E-D80A-45D5-B40D-14E63E6DC4A2}.Windows|x86.ActiveCfg = Release|x86
		{1322643E-D80A-45D5-B40D-14E63E6DC4A2}.Windows|x86.Build.0 = Release|x86
		{1322643E-D80A-45D5-B40D-14E63E6DC4A2}.Windows8|Any CPU.ActiveCfg = Release|x86
		{1322643E-D80A-45D5-B40D-14E63E6DC4A2}.Windows8|Mixed Platforms.ActiveCfg = Release|x86
		{1322643E-D80A-45D5-B40D-14E63E6DC4A2}.Windows8|Mixed Platforms.Build.0 = Release|x86
		{1322643E-D80A-45D5-B40D-14E63E6DC4A2}.Windows8|x86.ActiveCfg = Release|x86
		{1322643E-D80A-45D5-B40D-14E63E6DC4A2}.Windows8|x86.Build.0 = Release|x86
		{E0DA3D70-9054-4F75-92B5-B52D5472B38B}.Android|Any CPU.ActiveCfg = Release|x86
		{E0DA3D70-9054-4F75-92B5-B52D5472B38B}.Android|Mixed Platforms.ActiveCfg = Release|x86
		{E0DA3D70-9054-4F75-92B5-B52D5472B38B}.Android|x86.ActiveCfg = Release|x86
		{E0DA3D70-9054-4F75-92B5-B52D5472B38B}.Debug|Any CPU.ActiveCfg = Debug|x86
		{E0DA3D70-9054-4F75-92B5-B52D5472B38B}.Debug|Mixed Platforms.ActiveCfg = Debug|x86
		{E0DA3D70-9054-4F75-92B5-B52D5472B38B}.Debug|x86.ActiveCfg = Debug|x86
		{E0DA3D70-9054-4F75-92B5-B52D5472B38B}.iOS|Any CPU.ActiveCfg = Release|x86
		{E0DA3D70-9054-4F75-92B5-B52D5472B38B}.iOS|Mixed Platforms.ActiveCfg = Release|x86
		{E0DA3D70-9054-4F75-92B5-B52D5472B38B}.iOS|x86.ActiveCfg = Release|x86
		{E0DA3D70-9054-4F75-92B5-B52D5472B38B}.Linux|Any CPU.ActiveCfg = Release|x86
		{E0DA3D70-9054-4F75-92B5-B52D5472B38B}.Linux|Mixed Platforms.ActiveCfg = Release|x86
		{E0DA3D70-9054-4F75-92B5-B52D5472B38B}.Linux|x86.ActiveCfg = Release|x86
		{E0DA3D70-9054-4F75-92B5-B52D5472B38B}.OSX|Any CPU.ActiveCfg = Release|x86
		{E0DA3D70-9054-4F75-92B5-B52D5472B38B}.OSX|Mixed Platforms.ActiveCfg = Release|x86
		{E0DA3D70-9054-4F75-92B5-B52D5472B38B}.OSX|x86.ActiveCfg = Release|x86
		{E0DA3D70-9054-4F75-92B5-B52D5472B38B}.PSM|Any CPU.ActiveCfg = Release|x86
		{E0DA3D70-9054-4F75-92B5-B52D5472B38B}.PSM|Mixed Platforms.ActiveCfg = Release|x86
		{E0DA3D70-9054-4F75-92B5-B52D5472B38B}.PSM|x86.ActiveCfg = Release|x86
		{E0DA3D70-9054-4F75-92B5-B52D5472B38B}.Release|Any CPU.ActiveCfg = Release|x86
		{E0DA3D70-9054-4F75-92B5-B52D5472B38B}.Release|Mixed Platforms.ActiveCfg = Release|x86
		{E0DA3D70-9054-4F75-92B5-B52D5472B38B}.Release|x86.ActiveCfg = Release|x86
		{E0DA3D70-9054-4F75-92B5-B52D5472B38B}.Windows|Any CPU.ActiveCfg = Release|x86
		{E0DA3D70-9054-4F75-92B5-B52D5472B38B}.Windows|Mixed Platforms.ActiveCfg = Release|x86
		{E0DA3D70-9054-4F75-92B5-B52D5472B38B}.Windows|x86.ActiveCfg = Release|x86
		{E0DA3D70-9054-4F75-92B5-B52D5472B38B}.Windows8|Any CPU.ActiveCfg = Release|x86
		{E0DA3D70-9054-4F75-92B5-B52D5472B38B}.Windows8|Mixed Platforms.ActiveCfg = Release|x86
		{E0DA3D70-9054-4F75-92B5-B52D5472B38B}.Windows8|x86.ActiveCfg = Release|x86
		{8B38350F-1367-4B0E-9F73-7BB3309CDD31}.Android|Any CPU.ActiveCfg = Release|x86
		{8B38350F-1367-4B0E-9F73-7BB3309CDD31}.Android|Mixed Platforms.ActiveCfg = Release|x86
		{8B38350F-1367-4B0E-9F73-7BB3309CDD31}.Android|Mixed Platforms.Build.0 = Release|x86
		{8B38350F-1367-4B0E-9F73-7BB3309CDD31}.Android|x86.ActiveCfg = Release|x86
		{8B38350F-1367-4B0E-9F73-7BB3309CDD31}.Android|x86.Build.0 = Release|x86
		{8B38350F-1367-4B0E-9F73-7BB3309CDD31}.Debug|Any CPU.ActiveCfg = Debug|x86
		{8B38350F-1367-4B0E-9F73-7BB3309CDD31}.Debug|Mixed Platforms.ActiveCfg = Debug|x86
		{8B38350F-1367-4B0E-9F73-7BB3309CDD31}.Debug|Mixed Platforms.Build.0 = Debug|x86
		{8B38350F-1367-4B0E-9F73-7BB3309CDD31}.Debug|x86.ActiveCfg = Debug|x86
		{8B38350F-1367-4B0E-9F73-7BB3309CDD31}.Debug|x86.Build.0 = Debug|x86
		{8B38350F-1367-4B0E-9F73-7BB3309CDD31}.iOS|Any CPU.ActiveCfg = Release|x86
		{8B38350F-1367-4B0E-9F73-7BB3309CDD31}.iOS|Mixed Platforms.ActiveCfg = Release|x86
		{8B38350F-1367-4B0E-9F73-7BB3309CDD31}.iOS|Mixed Platforms.Build.0 = Release|x86
		{8B38350F-1367-4B0E-9F73-7BB3309CDD31}.iOS|x86.ActiveCfg = Release|x86
		{8B38350F-1367-4B0E-9F73-7BB3309CDD31}.iOS|x86.Build.0 = Release|x86
		{8B38350F-1367-4B0E-9F73-7BB3309CDD31}.Linux|Any CPU.ActiveCfg = Release|x86
		{8B38350F-1367-4B0E-9F73-7BB3309CDD31}.Linux|Mixed Platforms.ActiveCfg = Release|x86
		{8B38350F-1367-4B0E-9F73-7BB3309CDD31}.Linux|Mixed Platforms.Build.0 = Release|x86
		{8B38350F-1367-4B0E-9F73-7BB3309CDD31}.Linux|x86.ActiveCfg = Release|x86
		{8B38350F-1367-4B0E-9F73-7BB3309CDD31}.Linux|x86.Build.0 = Release|x86
		{8B38350F-1367-4B0E-9F73-7BB3309CDD31}.OSX|Any CPU.ActiveCfg = Release|x86
		{8B38350F-1367-4B0E-9F73-7BB3309CDD31}.OSX|Mixed Platforms.ActiveCfg = Release|x86
		{8B38350F-1367-4B0E-9F73-7BB3309CDD31}.OSX|Mixed Platforms.Build.0 = Release|x86
		{8B38350F-1367-4B0E-9F73-7BB3309CDD31}.OSX|x86.ActiveCfg = Release|x86
		{8B38350F-1367-4B0E-9F73-7BB3309CDD31}.OSX|x86.Build.0 = Release|x86
		{8B38350F-1367-4B0E-9F73-7BB3309CDD31}.PSM|Any CPU.ActiveCfg = Release|x86
		{8B38350F-1367-4B0E-9F73-7BB3309CDD31}.PSM|Mixed Platforms.ActiveCfg = Release|x86
		{8B38350F-1367-4B0E-9F73-7BB3309CDD31}.PSM|Mixed Platforms.Build.0 = Release|x86
		{8B38350F-1367-4B0E-9F73-7BB3309CDD31}.PSM|x86.ActiveCfg = Release|x86
		{8B38350F-1367-4B0E-9F73-7BB3309CDD31}.PSM|x86.Build.0 = Release|x86
		{8B38350F-1367-4B0E-9F73-7BB3309CDD31}.Release|Any CPU.ActiveCfg = Release|x86
		{8B38350F-1367-4B0E-9F73-7BB3309CDD31}.Release|Mixed Platforms.ActiveCfg = Release|x86
		{8B38350F-1367-4B0E-9F73-7BB3309CDD31}.Release|Mixed Platforms.Build.0 = Release|x86
		{8B38350F-1367-4B0E-9F73-7BB3309CDD31}.Release|x86.ActiveCfg = Release|x86
		{8B38350F-1367-4B0E-9F73-7BB3309CDD31}.Release|x86.Build.0 = Release|x86
		{8B38350F-1367-4B0E-9F73-7BB3309CDD31}.Windows|Any CPU.ActiveCfg = Release|x86
		{8B38350F-1367-4B0E-9F73-7BB3309CDD31}.Windows|Mixed Platforms.ActiveCfg = Release|x86
		{8B38350F-1367-4B0E-9F73-7BB3309CDD31}.Windows|Mixed Platforms.Build.0 = Release|x86
		{8B38350F-1367-4B0E-9F73-7BB3309CDD31}.Windows|x86.ActiveCfg = Release|x86
		{8B38350F-1367-4B0E-9F73-7BB3309CDD31}.Windows|x86.Build.0 = Release|x86
		{8B38350F-1367-4B0E-9F73-7BB3309CDD31}.Windows8|Any CPU.ActiveCfg = Release|x86
		{8B38350F-1367-4B0E-9F73-7BB3309CDD31}.Windows8|Mixed Platforms.ActiveCfg = Release|x86
		{8B38350F-1367-4B0E-9F73-7BB3309CDD31}.Windows8|Mixed Platforms.Build.0 = Release|x86
		{8B38350F-1367-4B0E-9F73-7BB3309CDD31}.Windows8|x86.ActiveCfg = Release|x86
		{8B38350F-1367-4B0E-9F73-7BB3309CDD31}.Windows8|x86.Build.0 = Release|x86
	EndGlobalSection
	GlobalSection(SolutionProperties) = preSolution
		HideSolutionNode = FALSE
	EndGlobalSection
EndGlobal
